
Microsoft Visual Studio Solution File, Format Version 12.00
# Visual Studio Version 17
VisualStudioVersion = 17.0.31903.59
MinimumVisualStudioVersion = 10.0.40219.1
Project("{9A19103F-16F7-4668-BE54-9A1E7A4F7556}") = "TheatreManagement.Server", "TheatreManagement.Server\TheatreManagement.Server.csproj", "{217D2062-7FB1-4A65-A5ED-9600F9796E25}"
EndProject
Project("{9A19103F-16F7-4668-BE54-9A1E7A4F7556}") = "TheatreManagement.Domain", "TheatreManagement.Domain\TheatreManagement.Domain.csproj", "{8175D820-4116-3358-CE9C-CFB4558EB420}"
EndProject
Project("{9A19103F-16F7-4668-BE54-9A1E7A4F7556}") = "TheatreManagement.Client", "TheatreManagement.Client\TheatreManagement.Client.csproj", "{AED802B3-05C2-97BE-89CC-50BFD51ECABB}"
EndProject
Project("{9A19103F-16F7-4668-BE54-9A1E7A4F7556}") = "TheatreManagement.Shared", "TheatreManagement.Shared\TheatreManagement.Shared.csproj", "{C807337A-D9EB-43E6-94FD-CCF887342A3B}"
EndProject
Global
	GlobalSection(SolutionConfigurationPlatforms) = preSolution
		Debug|Any CPU = Debug|Any CPU
		Debug|x64 = Debug|x64
		Debug|x86 = Debug|x86
		Release|Any CPU = Release|Any CPU
		Release|x64 = Release|x64
		Release|x86 = Release|x86
	EndGlobalSection
	GlobalSection(ProjectConfigurationPlatforms) = postSolution
		{217D2062-7FB1-4A65-A5ED-9600F9796E25}.Debug|Any CPU.ActiveCfg = Debug|Any CPU
		{217D2062-7FB1-4A65-A5ED-9600F9796E25}.Debug|Any CPU.Build.0 = Debug|Any CPU
		{217D2062-7FB1-4A65-A5ED-9600F9796E25}.Debug|x64.ActiveCfg = Debug|Any CPU
		{217D2062-7FB1-4A65-A5ED-9600F9796E25}.Debug|x64.Build.0 = Debug|Any CPU
		{217D2062-7FB1-4A65-A5ED-9600F9796E25}.Debug|x86.ActiveCfg = Debug|Any CPU
		{217D2062-7FB1-4A65-A5ED-9600F9796E25}.Debug|x86.Build.0 = Debug|Any CPU
		{217D2062-7FB1-4A65-A5ED-9600F9796E25}.Release|Any CPU.ActiveCfg = Release|Any CPU
		{217D2062-7FB1-4A65-A5ED-9600F9796E25}.Release|Any CPU.Build.0 = Release|Any CPU
		{217D2062-7FB1-4A65-A5ED-9600F9796E25}.Release|x64.ActiveCfg = Release|Any CPU
		{217D2062-7FB1-4A65-A5ED-9600F9796E25}.Release|x64.Build.0 = Release|Any CPU
		{217D2062-7FB1-4A65-A5ED-9600F9796E25}.Release|x86.ActiveCfg = Release|Any CPU
		{217D2062-7FB1-4A65-A5ED-9600F9796E25}.Release|x86.Build.0 = Release|Any CPU
		{8175D820-4116-3358-CE9C-CFB4558EB420}.Debug|Any CPU.ActiveCfg = Debug|Any CPU
		{8175D820-4116-3358-CE9C-CFB4558EB420}.Debug|Any CPU.Build.0 = Debug|Any CPU
		{8175D820-4116-3358-CE9C-CFB4558EB420}.Debug|x64.ActiveCfg = Debug|Any CPU
		{8175D820-4116-3358-CE9C-CFB4558EB420}.Debug|x64.Build.0 = Debug|Any CPU
		{8175D820-4116-3358-CE9C-CFB4558EB420}.Debug|x86.ActiveCfg = Debug|Any CPU
		{8175D820-4116-3358-CE9C-CFB4558EB420}.Debug|x86.Build.0 = Debug|Any CPU
		{8175D820-4116-3358-CE9C-CFB4558EB420}.Release|Any CPU.ActiveCfg = Release|Any CPU
		{8175D820-4116-3358-CE9C-CFB4558EB420}.Release|Any CPU.Build.0 = Release|Any CPU
		{8175D820-4116-3358-CE9C-CFB4558EB420}.Release|x64.ActiveCfg = Release|Any CPU
		{8175D820-4116-3358-CE9C-CFB4558EB420}.Release|x64.Build.0 = Release|Any CPU
		{8175D820-4116-3358-CE9C-CFB4558EB420}.Release|x86.ActiveCfg = Release|Any CPU
		{8175D820-4116-3358-CE9C-CFB4558EB420}.Release|x86.Build.0 = Release|Any CPU
		{AED802B3-05C2-97BE-89CC-50BFD51ECABB}.Debug|Any CPU.ActiveCfg = Debug|Any CPU
		{AED802B3-05C2-97BE-89CC-50BFD51ECABB}.Debug|Any CPU.Build.0 = Debug|Any CPU
		{AED802B3-05C2-97BE-89CC-50BFD51ECABB}.Debug|x64.ActiveCfg = Debug|Any CPU
		{AED802B3-05C2-97BE-89CC-50BFD51ECABB}.Debug|x64.Build.0 = Debug|Any CPU
		{AED802B3-05C2-97BE-89CC-50BFD51ECABB}.Debug|x86.ActiveCfg = Debug|Any CPU
		{AED802B3-05C2-97BE-89CC-50BFD51ECABB}.Debug|x86.Build.0 = Debug|Any CPU
		{AED802B3-05C2-97BE-89CC-50BFD51ECABB}.Release|Any CPU.ActiveCfg = Release|Any CPU
		{AED802B3-05C2-97BE-89CC-50BFD51ECABB}.Release|Any CPU.Build.0 = Release|Any CPU
		{AED802B3-05C2-97BE-89CC-50BFD51ECABB}.Release|x64.ActiveCfg = Release|Any CPU
		{AED802B3-05C2-97BE-89CC-50BFD51ECABB}.Release|x64.Build.0 = Release|Any CPU
		{AED802B3-05C2-97BE-89CC-50BFD51ECABB}.Release|x86.ActiveCfg = Release|Any CPU
		{AED802B3-05C2-97BE-89CC-50BFD51ECABB}.Release|x86.Build.0 = Release|Any CPU
		{C807337A-D9EB-43E6-94FD-CCF887342A3B}.Debug|Any CPU.ActiveCfg = Debug|Any CPU
		{C807337A-D9EB-43E6-94FD-CCF887342A3B}.Debug|Any CPU.Build.0 = Debug|Any CPU
		{C807337A-D9EB-43E6-94FD-CCF887342A3B}.Debug|x64.ActiveCfg = Debug|Any CPU
		{C807337A-D9EB-43E6-94FD-CCF887342A3B}.Debug|x64.Build.0 = Debug|Any CPU
		{C807337A-D9EB-43E6-94FD-CCF887342A3B}.Debug|x86.ActiveCfg = Debug|Any CPU
		{C807337A-D9EB-43E6-94FD-CCF887342A3B}.Debug|x86.Build.0 = Debug|Any CPU
		{C807337A-D9EB-43E6-94FD-CCF887342A3B}.Release|Any CPU.ActiveCfg = Release|Any CPU
		{C807337A-D9EB-43E6-94FD-CCF887342A3B}.Release|Any CPU.Build.0 = Release|Any CPU
		{C807337A-D9EB-43E6-94FD-CCF887342A3B}.Release|x64.ActiveCfg = Release|Any CPU
		{C807337A-D9EB-43E6-94FD-CCF887342A3B}.Release|x64.Build.0 = Release|Any CPU
		{C807337A-D9EB-43E6-94FD-CCF887342A3B}.Release|x86.ActiveCfg = Release|Any CPU
		{C807337A-D9EB-43E6-94FD-CCF887342A3B}.Release|x86.Build.0 = Release|Any CPU
	EndGlobalSection
	GlobalSection(SolutionProperties) = preSolution
		HideSolutionNode = FALSE
	EndGlobalSection
	GlobalSection(ExtensibilityGlobals) = postSolution
		SolutionGuid = {9376584B-1CD6-4BA2-B69D-CC389258489C}
	EndGlobalSection
EndGlobal
